
Microsoft Visual Studio Solution File, Format Version 12.00
# Visual Studio Version 16
VisualStudioVersion = 16.0.31410.357
MinimumVisualStudioVersion = 10.0.40219.1
Project("{888888A0-9F3D-457C-B088-3A5042F75D52}") = "mainCode", "mainCode.pyproj", "{4D6748C7-81DA-4B3A-A20C-668646DCF0D2}"
EndProject
Global
	GlobalSection(SolutionConfigurationPlatforms) = preSolution
		Debug|Any CPU = Debug|Any CPU
		Release|Any CPU = Release|Any CPU
	EndGlobalSection
	GlobalSection(ProjectConfigurationPlatforms) = postSolution
		{4D6748C7-81DA-4B3A-A20C-668646DCF0D2}.Debug|Any CPU.ActiveCfg = Debug|Any CPU
		{4D6748C7-81DA-4B3A-A20C-668646DCF0D2}.Release|Any CPU.ActiveCfg = Release|Any CPU
	EndGlobalSection
	GlobalSection(SolutionProperties) = preSolution
		HideSolutionNode = FALSE
	EndGlobalSection
	GlobalSection(ExtensibilityGlobals) = postSolution
		SolutionGuid = {CC7125B3-2AE1-4A30-B426-9EA29F540432}
	EndGlobalSection
EndGlobal
